# This file is automatically @generated by Cargo.
# It is not intended for manual editing.
version = 4

[[package]]
name = "compiler"
version = "0.1.0"
dependencies = [
 "hack-assembler",
 "jack-to-vm",
 "vm-translator",
]

[[package]]
name = "hack-assembler"
version = "0.1.0"

[[package]]
name = "jack-to-vm"
version = "0.1.0"

[[package]]
name = "vm-translator"
version = "0.1.0"
